
Microsoft Visual Studio Solution File, Format Version 12.00
# Visual Studio Version 16
VisualStudioVersion = 16.0.31911.196
MinimumVisualStudioVersion = 10.0.40219.1
Project("{FAE04EC0-301F-11D3-BF4B-00C04F79EFBC}") = "AgendaPlusAPI", "AgendaPlusAPI.csproj", "{1C2DE71F-27B9-458A-9FF0-BBB014B37388}"
EndProject
Global
	GlobalSection(SolutionConfigurationPlatforms) = preSolution
		Debug|Any CPU = Debug|Any CPU
		Release|Any CPU = Release|Any CPU
	EndGlobalSection
	GlobalSection(ProjectConfigurationPlatforms) = postSolution
		{1C2DE71F-27B9-458A-9FF0-BBB014B37388}.Debug|Any CPU.ActiveCfg = Debug|Any CPU
		{1C2DE71F-27B9-458A-9FF0-BBB014B37388}.Debug|Any CPU.Build.0 = Debug|Any CPU
		{1C2DE71F-27B9-458A-9FF0-BBB014B37388}.Release|Any CPU.ActiveCfg = Release|Any CPU
		{1C2DE71F-27B9-458A-9FF0-BBB014B37388}.Release|Any CPU.Build.0 = Release|Any CPU
	EndGlobalSection
	GlobalSection(SolutionProperties) = preSolution
		HideSolutionNode = FALSE
	EndGlobalSection
	GlobalSection(ExtensibilityGlobals) = postSolution
		SolutionGuid = {375C7FA2-07E3-4945-A1F7-21D6DE05883F}
	EndGlobalSection
EndGlobal
